
Microsoft Visual Studio Solution File, Format Version 12.00
# Visual Studio Version 17
VisualStudioVersion = 17.4.33205.214
MinimumVisualStudioVersion = 10.0.40219.1
Project("{2150E333-8FDC-42A3-9474-1A3956D46DE8}") = "Docker", "Docker", "{56E004BD-3309-4733-91C0-B62F367B79C3}"
	ProjectSection(SolutionItems) = preProject
		Dockerfile = Dockerfile
	EndProjectSection
EndProject
Project("{9A19103F-16F7-4668-BE54-9A1E7A4F7556}") = "vkrobot.application.data", "vkrobot.application.data\vkrobot.application.data.csproj", "{1AC13DBA-2F38-4536-AA71-7547FD5510F1}"
EndProject
Project("{9A19103F-16F7-4668-BE54-9A1E7A4F7556}") = "vkrobot.application.dto", "vkrobot.application.dto\vkrobot.application.dto.csproj", "{39B717B9-C17A-4A33-91DE-B1A22ECEB487}"
EndProject
Project("{9A19103F-16F7-4668-BE54-9A1E7A4F7556}") = "vkrobot.application.exceptions", "vkrobot.application.exceptions\vkrobot.application.exceptions.csproj", "{D4D97062-6DB3-4C80-B793-6BF5C41539EA}"
EndProject
Project("{9A19103F-16F7-4668-BE54-9A1E7A4F7556}") = "vkrobot.application.interfaces", "vkrobot.application.interfaces\vkrobot.application.interfaces.csproj", "{4E0DDA98-2FA4-4E70-A178-878EF2925651}"
EndProject
Project("{9A19103F-16F7-4668-BE54-9A1E7A4F7556}") = "vkrobot.application.services", "vkrobot.application.services\vkrobot.application.services.csproj", "{3F31DA35-7379-476E-944D-C5920A17059C}"
EndProject
Project("{FAE04EC0-301F-11D3-BF4B-00C04F79EFBC}") = "vkrobot.application.webapi", "vkrobot.application.webapi\vkrobot.application.webapi.csproj", "{2FA9C153-51BE-40F0-8089-9A4E0F80EEDD}"
EndProject
Global
	GlobalSection(SolutionConfigurationPlatforms) = preSolution
		Debug|Any CPU = Debug|Any CPU
		Release|Any CPU = Release|Any CPU
	EndGlobalSection
	GlobalSection(ProjectConfigurationPlatforms) = postSolution
		{1AC13DBA-2F38-4536-AA71-7547FD5510F1}.Debug|Any CPU.ActiveCfg = Debug|Any CPU
		{1AC13DBA-2F38-4536-AA71-7547FD5510F1}.Debug|Any CPU.Build.0 = Debug|Any CPU
		{1AC13DBA-2F38-4536-AA71-7547FD5510F1}.Release|Any CPU.ActiveCfg = Release|Any CPU
		{1AC13DBA-2F38-4536-AA71-7547FD5510F1}.Release|Any CPU.Build.0 = Release|Any CPU
		{39B717B9-C17A-4A33-91DE-B1A22ECEB487}.Debug|Any CPU.ActiveCfg = Debug|Any CPU
		{39B717B9-C17A-4A33-91DE-B1A22ECEB487}.Debug|Any CPU.Build.0 = Debug|Any CPU
		{39B717B9-C17A-4A33-91DE-B1A22ECEB487}.Release|Any CPU.ActiveCfg = Release|Any CPU
		{39B717B9-C17A-4A33-91DE-B1A22ECEB487}.Release|Any CPU.Build.0 = Release|Any CPU
		{D4D97062-6DB3-4C80-B793-6BF5C41539EA}.Debug|Any CPU.ActiveCfg = Debug|Any CPU
		{D4D97062-6DB3-4C80-B793-6BF5C41539EA}.Debug|Any CPU.Build.0 = Debug|Any CPU
		{D4D97062-6DB3-4C80-B793-6BF5C41539EA}.Release|Any CPU.ActiveCfg = Release|Any CPU
		{D4D97062-6DB3-4C80-B793-6BF5C41539EA}.Release|Any CPU.Build.0 = Release|Any CPU
		{4E0DDA98-2FA4-4E70-A178-878EF2925651}.Debug|Any CPU.ActiveCfg = Debug|Any CPU
		{4E0DDA98-2FA4-4E70-A178-878EF2925651}.Debug|Any CPU.Build.0 = Debug|Any CPU
		{4E0DDA98-2FA4-4E70-A178-878EF2925651}.Release|Any CPU.ActiveCfg = Release|Any CPU
		{4E0DDA98-2FA4-4E70-A178-878EF2925651}.Release|Any CPU.Build.0 = Release|Any CPU
		{3F31DA35-7379-476E-944D-C5920A17059C}.Debug|Any CPU.ActiveCfg = Debug|Any CPU
		{3F31DA35-7379-476E-944D-C5920A17059C}.Debug|Any CPU.Build.0 = Debug|Any CPU
		{3F31DA35-7379-476E-944D-C5920A17059C}.Release|Any CPU.ActiveCfg = Release|Any CPU
		{3F31DA35-7379-476E-944D-C5920A17059C}.Release|Any CPU.Build.0 = Release|Any CPU
		{2FA9C153-51BE-40F0-8089-9A4E0F80EEDD}.Debug|Any CPU.ActiveCfg = Debug|Any CPU
		{2FA9C153-51BE-40F0-8089-9A4E0F80EEDD}.Debug|Any CPU.Build.0 = Debug|Any CPU
		{2FA9C153-51BE-40F0-8089-9A4E0F80EEDD}.Release|Any CPU.ActiveCfg = Release|Any CPU
		{2FA9C153-51BE-40F0-8089-9A4E0F80EEDD}.Release|Any CPU.Build.0 = Release|Any CPU
	EndGlobalSection
	GlobalSection(SolutionProperties) = preSolution
		HideSolutionNode = FALSE
	EndGlobalSection
	GlobalSection(ExtensibilityGlobals) = postSolution
		SolutionGuid = {16114EF0-0130-4A01-BFAC-B2BD2E429802}
	EndGlobalSection
EndGlobal
